// !$*UTF8*$!
{
	archiveVersion = 1;
	classes = {
	};
	objectVersion = 50;
	objects = {

/* Begin PBXBuildFile section */
		F6EF4B7121E3681700698377 /* ZLicensingPolicy.h in Headers */ = {isa = PBXBuildFile; fileRef = F6EF4B7021E3681700698377 /* ZLicensingPolicy.h */; };
		F6FCAE3321E34343000D2720 /* CornerstoneInject.m in Sources */ = {isa = PBXBuildFile; fileRef = F6FCAE3221E34343000D2720 /* CornerstoneInject.m */; };
		F6FCAE4021E34B91000D2720 /* JRSwizzle.m in Sources */ = {isa = PBXBuildFile; fileRef = F6FCAE3E21E34B91000D2720 /* JRSwizzle.m */; };
/* End PBXBuildFile section */

/* Begin PBXFileReference section */
		F6EF4B6F21E3680500698377 /* ZSubscriptionLicensingPolicy.h */ = {isa = PBXFileReference; lastKnownFileType = sourcecode.c.h; path = ZSubscriptionLicensingPolicy.h; sourceTree = "<group>"; };
		F6EF4B7021E3681700698377 /* ZLicensingPolicy.h */ = {isa = PBXFileReference; fileEncoding = 4; lastKnownFileType = sourcecode.c.h; path = ZLicensingPolicy.h; sourceTree = "<group>"; };
		F6EF4B7221E36EF500698377 /* ZLicenseServer.h */ = {isa = PBXFileReference; lastKnownFileType = sourcecode.c.h; path = ZLicenseServer.h; sourceTree = "<group>"; };
		F6FCAE2D21E34343000D2720 /* libCornerstoneInject.dylib */ = {isa = PBXFileReference; explicitFileType = "compiled.mach-o.dylib"; includeInIndex = 0; path = libCornerstoneInject.dylib; sourceTree = BUILT_PRODUCTS_DIR; };
		F6FCAE3221E34343000D2720 /* CornerstoneInject.m */ = {isa = PBXFileReference; lastKnownFileType = sourcecode.c.objc; path = CornerstoneInject.m; sourceTree = "<group>"; };
		F6FCAE3D21E34B91000D2720 /* JRSwizzle.h */ = {isa = PBXFileReference; fileEncoding = 4; lastKnownFileType = sourcecode.c.h; path = JRSwizzle.h; sourceTree = "<group>"; };
		F6FCAE3E21E34B91000D2720 /* JRSwizzle.m */ = {isa = PBXFileReference; fileEncoding = 4; lastKnownFileType = sourcecode.c.objc; path = JRSwizzle.m; sourceTree = "<group>"; };
/* End PBXFileReference section */

/* Begin PBXFrameworksBuildPhase section */
		F6FCAE2B21E34343000D2720 /* Frameworks */ = {
			isa = PBXFrameworksBuildPhase;
			buildActionMask = 2147483647;
			files = (
			);
			runOnlyForDeploymentPostprocessing = 0;
		};
/* End PBXFrameworksBuildPhase section */

/* Begin PBXGroup section */
		F6FCAE2421E34343000D2720 = {
			isa = PBXGroup;
			children = (
				F6FCAE2F21E34343000D2720 /* CornerstoneInject */,
				F6FCAE2E21E34343000D2720 /* Products */,
			);
			sourceTree = "<group>";
		};
		F6FCAE2E21E34343000D2720 /* Products */ = {
			isa = PBXGroup;
			children = (
				F6FCAE2D21E34343000D2720 /* libCornerstoneInject.dylib */,
			);
			name = Products;
			sourceTree = "<group>";
		};
		F6FCAE2F21E34343000D2720 /* CornerstoneInject */ = {
			isa = PBXGroup;
			children = (
				F6FCAE3D21E34B91000D2720 /* JRSwizzle.h */,
				F6FCAE3E21E34B91000D2720 /* JRSwizzle.m */,
				F6FCAE3221E34343000D2720 /* CornerstoneInject.m */,
				F6EF4B7221E36EF500698377 /* ZLicenseServer.h */,
				F6EF4B7021E3681700698377 /* ZLicensingPolicy.h */,
				F6EF4B6F21E3680500698377 /* ZSubscriptionLicensingPolicy.h */,
			);
			path = CornerstoneInject;
			sourceTree = "<group>";
		};
/* End PBXGroup section */

/* Begin PBXHeadersBuildPhase section */
		F6FCAE2921E34343000D2720 /* Headers */ = {
			isa = PBXHeadersBuildPhase;
			buildActionMask = 2147483647;
			files = (
				F6EF4B7121E3681700698377 /* ZLicensingPolicy.h in Headers */,
			);
			runOnlyForDeploymentPostprocessing = 0;
		};
/* End PBXHeadersBuildPhase section */

/* Begin PBXNativeTarget section */
		F6FCAE2C21E34343000D2720 /* CornerstoneInject */ = {
			isa = PBXNativeTarget;
			buildConfigurationList = F6FCAE3621E34343000D2720 /* Build configuration list for PBXNativeTarget "CornerstoneInject" */;
			buildPhases = (
				F6FCAE2921E34343000D2720 /* Headers */,
				F6FCAE2A21E34343000D2720 /* Sources */,
				F6FCAE2B21E34343000D2720 /* Frameworks */,
			);
			buildRules = (
			);
			dependencies = (
			);
			name = CornerstoneInject;
			productName = CornerstoneInject;
			productReference = F6FCAE2D21E34343000D2720 /* libCornerstoneInject.dylib */;
			productType = "com.apple.product-type.library.dynamic";
		};
/* End PBXNativeTarget section */

/* Begin PBXProject section */
		F6FCAE2521E34343000D2720 /* Project object */ = {
			isa = PBXProject;
			attributes = {
				LastUpgradeCheck = 1010;
				ORGANIZATIONNAME = "huafeng chen";
				TargetAttributes = {
					F6FCAE2C21E34343000D2720 = {
						CreatedOnToolsVersion = 10.1;
					};
				};
			};
			buildConfigurationList = F6FCAE2821E34343000D2720 /* Build configuration list for PBXProject "CornerstoneInject" */;
			compatibilityVersion = "Xcode 9.3";
			developmentRegion = en;
			hasScannedForEncodings = 0;
			knownRegions = (
				en,
			);
			mainGroup = F6FCAE2421E34343000D2720;
			productRefGroup = F6FCAE2E21E34343000D2720 /* Products */;
			projectDirPath = "";
			projectRoot = "";
			targets = (
				F6FCAE2C21E34343000D2720 /* CornerstoneInject */,
			);
		};
/* End PBXProject section */

/* Begin PBXSourcesBuildPhase section */
		F6FCAE2A21E34343000D2720 /* Sources */ = {
			isa = PBXSourcesBuildPhase;
			buildActionMask = 2147483647;
			files = (
				F6FCAE4021E34B91000D2720 /* JRSwizzle.m in Sources */,
				F6FCAE3321E34343000D2720 /* CornerstoneInject.m in Sources */,
			);
			runOnlyForDeploymentPostprocessing = 0;
		};
/* End PBXSourcesBuildPhase section */

/* Begin XCBuildConfiguration section */
		F6FCAE3421E34343000D2720 /* Debug */ = {
			isa = XCBuildConfiguration;
			buildSettings = {
				ALWAYS_SEARCH_USER_PATHS = NO;
				CLANG_ANALYZER_NONNULL = YES;
				CLANG_ANALYZER_NUMBER_OBJECT_CONVERSION = YES_AGGRESSIVE;
				CLANG_CXX_LANGUAGE_STANDARD = "gnu++14";
				CLANG_CXX_LIBRARY = "libc++";
				CLANG_ENABLE_MODULES = YES;
				CLANG_ENABLE_OBJC_ARC = YES;
				CLANG_ENABLE_OBJC_WEAK = YES;
				CLANG_WARN_BLOCK_CAPTURE_AUTORELEASING = YES;
				CLANG_WARN_BOOL_CONVERSION = YES;
				CLANG_WARN_COMMA = YES;
				CLANG_WARN_CONSTANT_CONVERSION = YES;
				CLANG_WARN_DEPRECATED_OBJC_IMPLEMENTATIONS = YES;
				CLANG_WARN_DIRECT_OBJC_ISA_USAGE = YES_ERROR;
				CLANG_WARN_DOCUMENTATION_COMMENTS = YES;
				CLANG_WARN_EMPTY_BODY = YES;
				CLANG_WARN_ENUM_CONVERSION = YES;
				CLANG_WARN_INFINITE_RECURSION = YES;
				CLANG_WARN_INT_CONVERSION = YES;
				CLANG_WARN_NON_LITERAL_NULL_CONVERSION = YES;
				CLANG_WARN_OBJC_IMPLICIT_RETAIN_SELF = YES;
				CLANG_WARN_OBJC_LITERAL_CONVERSION = YES;
				CLANG_WARN_OBJC_ROOT_CLASS = YES_ERROR;
				CLANG_WARN_RANGE_LOOP_ANALYSIS = YES;
				CLANG_WARN_STRICT_PROTOTYPES = YES;
				CLANG_WARN_SUSPICIOUS_MOVE = YES;
				CLANG_WARN_UNGUARDED_AVAILABILITY = YES_AGGRESSIVE;
				CLANG_WARN_UNREACHABLE_CODE = YES;
				CLANG_WARN__DUPLICATE_METHOD_MATCH = YES;
				CODE_SIGN_IDENTITY = "-";
				COPY_PHASE_STRIP = NO;
				DEBUG_INFORMATION_FORMAT = dwarf;
				ENABLE_STRICT_OBJC_MSGSEND = YES;
				ENABLE_TESTABILITY = YES;
				GCC_C_LANGUAGE_STANDARD = gnu11;
				GCC_DYNAMIC_NO_PIC = NO;
				GCC_NO_COMMON_BLOCKS = YES;
				GCC_OPTIMIZATION_LEVEL = 0;
				GCC_PREPROCESSOR_DEFINITIONS = (
					"DEBUG=1",
					"$(inherited)",
				);
				GCC_WARN_64_TO_32_BIT_CONVERSION = YES;
				GCC_WARN_ABOUT_RETURN_TYPE = YES_ERROR;
				GCC_WARN_UNDECLARED_SELECTOR = YES;
				GCC_WARN_UNINITIALIZED_AUTOS = YES_AGGRESSIVE;
				GCC_WARN_UNUSED_FUNCTION = YES;
				GCC_WARN_UNUSED_VARIABLE = YES;
				MACOSX_DEPLOYMENT_TARGET = 10.14;
				MTL_ENABLE_DEBUG_INFO = INCLUDE_SOURCE;
				MTL_FAST_MATH = YES;
				ONLY_ACTIVE_ARCH = YES;
				SDKROOT = macosx;
			};
			name = Debug;
		};
		F6FCAE3521E34343000D2720 /* Release */ = {
			isa = XCBuildConfiguration;
			buildSettings = {
				ALWAYS_SEARCH_USER_PATHS = NO;
				CLANG_ANALYZER_NONNULL = YES;
				CLANG_ANALYZER_NUMBER_OBJECT_CONVERSION = YES_AGGRESSIVE;
				CLANG_CXX_LANGUAGE_STANDARD = "gnu++14";
				CLANG_CXX_LIBRARY = "libc++";
				CLANG_ENABLE_MODULES = YES;
				CLANG_ENABLE_OBJC_ARC = YES;
				CLANG_ENABLE_OBJC_WEAK = YES;
				CLANG_WARN_BLOCK_CAPTURE_AUTORELEASING = YES;
				CLANG_WARN_BOOL_CONVERSION = YES;
				CLANG_WARN_COMMA = YES;
				CLANG_WARN_CONSTANT_CONVERSION = YES;
				CLANG_WARN_DEPRECATED_OBJC_IMPLEMENTATIONS = YES;
				CLANG_WARN_DIRECT_OBJC_ISA_USAGE = YES_ERROR;
				CLANG_WARN_DOCUMENTATION_COMMENTS = YES;
				CLANG_WARN_EMPTY_BODY = YES;
				CLANG_WARN_ENUM_CONVERSION = YES;
				CLANG_WARN_INFINITE_RECURSION = YES;
				CLANG_WARN_INT_CONVERSION = YES;
				CLANG_WARN_NON_LITERAL_NULL_CONVERSION = YES;
				CLANG_WARN_OBJC_IMPLICIT_RETAIN_SELF = YES;
				CLANG_WARN_OBJC_LITERAL_CONVERSION = YES;
				CLANG_WARN_OBJC_ROOT_CLASS = YES_ERROR;
				CLANG_WARN_RANGE_LOOP_ANALYSIS = YES;
				CLANG_WARN_STRICT_PROTOTYPES = YES;
				CLANG_WARN_SUSPICIOUS_MOVE = YES;
				CLANG_WARN_UNGUARDED_AVAILABILITY = YES_AGGRESSIVE;
				CLANG_WARN_UNREACHABLE_CODE = YES;
				CLANG_WARN__DUPLICATE_METHOD_MATCH = YES;
				CODE_SIGN_IDENTITY = "-";
				COPY_PHASE_STRIP = NO;
				DEBUG_INFORMATION_FORMAT = "dwarf-with-dsym";
				ENABLE_NS_ASSERTIONS = NO;
				ENABLE_STRICT_OBJC_MSGSEND = YES;
				GCC_C_LANGUAGE_STANDARD = gnu11;
				GCC_NO_COMMON_BLOCKS = YES;
				GCC_WARN_64_TO_32_BIT_CONVERSION = YES;
				GCC_WARN_ABOUT_RETURN_TYPE = YES_ERROR;
				GCC_WARN_UNDECLARED_SELECTOR = YES;
				GCC_WARN_UNINITIALIZED_AUTOS = YES_AGGRESSIVE;
				GCC_WARN_UNUSED_FUNCTION = YES;
				GCC_WARN_UNUSED_VARIABLE = YES;
				MACOSX_DEPLOYMENT_TARGET = 10.14;
				MTL_ENABLE_DEBUG_INFO = NO;
				MTL_FAST_MATH = YES;
				SDKROOT = macosx;
			};
			name = Release;
		};
		F6FCAE3721E34343000D2720 /* Debug */ = {
			isa = XCBuildConfiguration;
			buildSettings = {
				CODE_SIGN_IDENTITY = "Mac Developer";
				CODE_SIGN_STYLE = Automatic;
				DEVELOPMENT_TEAM = EU7A98TEPP;
				DYLIB_COMPATIBILITY_VERSION = 1;
				DYLIB_CURRENT_VERSION = 1;
				EXECUTABLE_PREFIX = lib;
				LIBRARY_SEARCH_PATHS = (
					"$(inherited)",
					"$(PROJECT_DIR)/CornerstoneInject",
				);
				PRODUCT_NAME = "$(TARGET_NAME)";
				PROVISIONING_PROFILE_SPECIFIER = "";
				SKIP_INSTALL = YES;
			};
			name = Debug;
		};
		F6FCAE3821E34343000D2720 /* Release */ = {
			isa = XCBuildConfiguration;
			buildSettings = {
				CODE_SIGN_IDENTITY = "Mac Developer";
				CODE_SIGN_STYLE = Automatic;
				DEVELOPMENT_TEAM = EU7A98TEPP;
				DYLIB_COMPATIBILITY_VERSION = 1;
				DYLIB_CURRENT_VERSION = 1;
				EXECUTABLE_PREFIX = lib;
				LIBRARY_SEARCH_PATHS = (
					"$(inherited)",
					"$(PROJECT_DIR)/CornerstoneInject",
				);
				PRODUCT_NAME = "$(TARGET_NAME)";
				PROVISIONING_PROFILE_SPECIFIER = "";
				SKIP_INSTALL = YES;
			};
			name = Release;
		};
/* End XCBuildConfiguration section */

/* Begin XCConfigurationList section */
		F6FCAE2821E34343000D2720 /* Build configuration list for PBXProject "CornerstoneInject" */ = {
			isa = XCConfigurationList;
			buildConfigurations = (
				F6FCAE3421E34343000D2720 /* Debug */,
				F6FCAE3521E34343000D2720 /* Release */,
			);
			defaultConfigurationIsVisible = 0;
			defaultConfigurationName = Release;
		};
		F6FCAE3621E34343000D2720 /* Build configuration list for PBXNativeTarget "CornerstoneInject" */ = {
			isa = XCConfigurationList;
			buildConfigurations = (
				F6FCAE3721E34343000D2720 /* Debug */,
				F6FCAE3821E34343000D2720 /* Release */,
			);
			defaultConfigurationIsVisible = 0;
			defaultConfigurationName = Release;
		};
/* End XCConfigurationList section */
	};
	rootObject = F6FCAE2521E34343000D2720 /* Project object */;
}
